
Microsoft Visual Studio Solution File, Format Version 12.00
# Visual Studio Version 17
VisualStudioVersion = 17.1.32414.318
MinimumVisualStudioVersion = 10.0.40219.1
Project("{9A19103F-16F7-4668-BE54-9A1E7A4F7556}") = "SecuredServices.Core", "SecuredServices.Core\SecuredServices.Core.csproj", "{4E6AE1E7-8F0A-4C75-8A48-39F3932E68CA}"
EndProject
Project("{9A19103F-16F7-4668-BE54-9A1E7A4F7556}") = "SecuredServices.Core.Tests", "SecuredServices.Core.Tests\SecuredServices.Core.Tests.csproj", "{EF115911-79E2-4400-AB4F-26BEAEACC136}"
EndProject
Project("{9A19103F-16F7-4668-BE54-9A1E7A4F7556}") = "SecuredServices.Example.Api", "SecuredServices.Example.Api\SecuredServices.Example.Api.csproj", "{F2A65AAC-00E4-4187-9F92-9F91B2141063}"
EndProject
Project("{FAE04EC0-301F-11D3-BF4B-00C04F79EFBC}") = "SecuredServices.AspNetCore.Identity", "SecuredServices.AspNetCore.Identity\SecuredServices.AspNetCore.Identity.csproj", "{D1043608-17A7-46D2-A926-79A2C26D4CA5}"
EndProject
Global
	GlobalSection(SolutionConfigurationPlatforms) = preSolution
		Debug|Any CPU = Debug|Any CPU
		Release|Any CPU = Release|Any CPU
	EndGlobalSection
	GlobalSection(ProjectConfigurationPlatforms) = postSolution
		{4E6AE1E7-8F0A-4C75-8A48-39F3932E68CA}.Debug|Any CPU.ActiveCfg = Debug|Any CPU
		{4E6AE1E7-8F0A-4C75-8A48-39F3932E68CA}.Debug|Any CPU.Build.0 = Debug|Any CPU
		{4E6AE1E7-8F0A-4C75-8A48-39F3932E68CA}.Release|Any CPU.ActiveCfg = Release|Any CPU
		{4E6AE1E7-8F0A-4C75-8A48-39F3932E68CA}.Release|Any CPU.Build.0 = Release|Any CPU
		{EF115911-79E2-4400-AB4F-26BEAEACC136}.Debug|Any CPU.ActiveCfg = Debug|Any CPU
		{EF115911-79E2-4400-AB4F-26BEAEACC136}.Debug|Any CPU.Build.0 = Debug|Any CPU
		{EF115911-79E2-4400-AB4F-26BEAEACC136}.Release|Any CPU.ActiveCfg = Release|Any CPU
		{EF115911-79E2-4400-AB4F-26BEAEACC136}.Release|Any CPU.Build.0 = Release|Any CPU
		{F2A65AAC-00E4-4187-9F92-9F91B2141063}.Debug|Any CPU.ActiveCfg = Debug|Any CPU
		{F2A65AAC-00E4-4187-9F92-9F91B2141063}.Debug|Any CPU.Build.0 = Debug|Any CPU
		{F2A65AAC-00E4-4187-9F92-9F91B2141063}.Release|Any CPU.ActiveCfg = Release|Any CPU
		{F2A65AAC-00E4-4187-9F92-9F91B2141063}.Release|Any CPU.Build.0 = Release|Any CPU
		{D1043608-17A7-46D2-A926-79A2C26D4CA5}.Debug|Any CPU.ActiveCfg = Debug|Any CPU
		{D1043608-17A7-46D2-A926-79A2C26D4CA5}.Debug|Any CPU.Build.0 = Debug|Any CPU
		{D1043608-17A7-46D2-A926-79A2C26D4CA5}.Release|Any CPU.ActiveCfg = Release|Any CPU
		{D1043608-17A7-46D2-A926-79A2C26D4CA5}.Release|Any CPU.Build.0 = Release|Any CPU
	EndGlobalSection
	GlobalSection(SolutionProperties) = preSolution
		HideSolutionNode = FALSE
	EndGlobalSection
	GlobalSection(ExtensibilityGlobals) = postSolution
		SolutionGuid = {EAFCD0E9-39BC-4A3C-B7C5-0137236AEDA2}
	EndGlobalSection
EndGlobal
